
Microsoft Visual Studio Solution File, Format Version 12.00
# Visual Studio Version 16
VisualStudioVersion = 16.0.29613.14
MinimumVisualStudioVersion = 10.0.40219.1
Project("{CC5FD16D-436D-48AD-A40C-5A424C6E3E79}") = "AzureCloudServicesLab", "AzureCloudServicesLab\AzureCloudServicesLab.ccproj", "{CE7ED0A0-723E-4BA5-AA0B-658A4628C6C8}"
EndProject
Project("{FAE04EC0-301F-11D3-BF4B-00C04F79EFBC}") = "WebRole1", "WebRole1\WebRole1.csproj", "{C8D804CF-5A81-43DE-A9C2-40FD593466FA}"
EndProject
Project("{FAE04EC0-301F-11D3-BF4B-00C04F79EFBC}") = "WorkerRole1", "WorkerRole1\WorkerRole1.csproj", "{4F6CCFF1-C3C5-4A37-998B-F1B03C064C16}"
EndProject
Project("{2150E333-8FDC-42A3-9474-1A3956D46DE8}") = "CloudServices", "CloudServices", "{900CCB24-97E3-4DD1-8A3B-D8FC2E2E4E4C}"
EndProject
Global
	GlobalSection(SolutionConfigurationPlatforms) = preSolution
		Debug|Any CPU = Debug|Any CPU
		Release|Any CPU = Release|Any CPU
	EndGlobalSection
	GlobalSection(ProjectConfigurationPlatforms) = postSolution
		{CE7ED0A0-723E-4BA5-AA0B-658A4628C6C8}.Debug|Any CPU.ActiveCfg = Debug|Any CPU
		{CE7ED0A0-723E-4BA5-AA0B-658A4628C6C8}.Debug|Any CPU.Build.0 = Debug|Any CPU
		{CE7ED0A0-723E-4BA5-AA0B-658A4628C6C8}.Release|Any CPU.ActiveCfg = Release|Any CPU
		{CE7ED0A0-723E-4BA5-AA0B-658A4628C6C8}.Release|Any CPU.Build.0 = Release|Any CPU
		{C8D804CF-5A81-43DE-A9C2-40FD593466FA}.Debug|Any CPU.ActiveCfg = Debug|Any CPU
		{C8D804CF-5A81-43DE-A9C2-40FD593466FA}.Debug|Any CPU.Build.0 = Debug|Any CPU
		{C8D804CF-5A81-43DE-A9C2-40FD593466FA}.Release|Any CPU.ActiveCfg = Release|Any CPU
		{C8D804CF-5A81-43DE-A9C2-40FD593466FA}.Release|Any CPU.Build.0 = Release|Any CPU
		{4F6CCFF1-C3C5-4A37-998B-F1B03C064C16}.Debug|Any CPU.ActiveCfg = Debug|Any CPU
		{4F6CCFF1-C3C5-4A37-998B-F1B03C064C16}.Debug|Any CPU.Build.0 = Debug|Any CPU
		{4F6CCFF1-C3C5-4A37-998B-F1B03C064C16}.Release|Any CPU.ActiveCfg = Release|Any CPU
		{4F6CCFF1-C3C5-4A37-998B-F1B03C064C16}.Release|Any CPU.Build.0 = Release|Any CPU
	EndGlobalSection
	GlobalSection(SolutionProperties) = preSolution
		HideSolutionNode = FALSE
	EndGlobalSection
	GlobalSection(ExtensibilityGlobals) = postSolution
		SolutionGuid = {6427AD0C-DF7D-4451-9751-746EE203BD1E}
	EndGlobalSection
EndGlobal
